// !$*UTF8*$!
{
	archiveVersion = 1;
	classes = {
	};
	objectVersion = 50;
	objects = {

/* Begin PBXBuildFile section */
		492C90A52386ADC0004E6803 /* AppDelegate.swift in Sources */ = {isa = PBXBuildFile; fileRef = 492C90A42386ADC0004E6803 /* AppDelegate.swift */; };
		492C90A72386ADC0004E6803 /* SceneDelegate.swift in Sources */ = {isa = PBXBuildFile; fileRef = 492C90A62386ADC0004E6803 /* SceneDelegate.swift */; };
		492C90AC2386ADC0004E6803 /* Main.storyboard in Resources */ = {isa = PBXBuildFile; fileRef = 492C90AA2386ADC0004E6803 /* Main.storyboard */; };
		492C90AE2386ADC1004E6803 /* Assets.xcassets in Resources */ = {isa = PBXBuildFile; fileRef = 492C90AD2386ADC1004E6803 /* Assets.xcassets */; };
		492C90B12386ADC1004E6803 /* LaunchScreen.storyboard in Resources */ = {isa = PBXBuildFile; fileRef = 492C90AF2386ADC1004E6803 /* LaunchScreen.storyboard */; };
		492C90B92386B1F4004E6803 /* QnAPsyViewController.swift in Sources */ = {isa = PBXBuildFile; fileRef = 492C90B82386B1F4004E6803 /* QnAPsyViewController.swift */; };
		492C90BB2386B52C004E6803 /* QAStruct.swift in Sources */ = {isa = PBXBuildFile; fileRef = 492C90BA2386B52C004E6803 /* QAStruct.swift */; };
/* End PBXBuildFile section */

/* Begin PBXFileReference section */
		492C90A12386ADC0004E6803 /* 測試你有多宅.app */ = {isa = PBXFileReference; explicitFileType = wrapper.application; includeInIndex = 0; path = "測試你有多宅.app"; sourceTree = BUILT_PRODUCTS_DIR; };
		492C90A42386ADC0004E6803 /* AppDelegate.swift */ = {isa = PBXFileReference; lastKnownFileType = sourcecode.swift; path = AppDelegate.swift; sourceTree = "<group>"; };
		492C90A62386ADC0004E6803 /* SceneDelegate.swift */ = {isa = PBXFileReference; lastKnownFileType = sourcecode.swift; path = SceneDelegate.swift; sourceTree = "<group>"; };
		492C90AB2386ADC0004E6803 /* Base */ = {isa = PBXFileReference; lastKnownFileType = file.storyboard; name = Base; path = Base.lproj/Main.storyboard; sourceTree = "<group>"; };
		492C90AD2386ADC1004E6803 /* Assets.xcassets */ = {isa = PBXFileReference; lastKnownFileType = folder.assetcatalog; path = Assets.xcassets; sourceTree = "<group>"; };
		492C90B02386ADC1004E6803 /* Base */ = {isa = PBXFileReference; lastKnownFileType = file.storyboard; name = Base; path = Base.lproj/LaunchScreen.storyboard; sourceTree = "<group>"; };
		492C90B22386ADC1004E6803 /* Info.plist */ = {isa = PBXFileReference; lastKnownFileType = text.plist.xml; path = Info.plist; sourceTree = "<group>"; };
		492C90B82386B1F4004E6803 /* QnAPsyViewController.swift */ = {isa = PBXFileReference; lastKnownFileType = sourcecode.swift; path = QnAPsyViewController.swift; sourceTree = "<group>"; };
		492C90BA2386B52C004E6803 /* QAStruct.swift */ = {isa = PBXFileReference; lastKnownFileType = sourcecode.swift; path = QAStruct.swift; sourceTree = "<group>"; };
/* End PBXFileReference section */

/* Begin PBXFrameworksBuildPhase section */
		492C909E2386ADC0004E6803 /* Frameworks */ = {
			isa = PBXFrameworksBuildPhase;
			buildActionMask = 2147483647;
			files = (
			);
			runOnlyForDeploymentPostprocessing = 0;
		};
/* End PBXFrameworksBuildPhase section */

/* Begin PBXGroup section */
		492C90982386ADC0004E6803 = {
			isa = PBXGroup;
			children = (
				492C90A32386ADC0004E6803 /* Homework3 */,
				492C90A22386ADC0004E6803 /* Products */,
			);
			sourceTree = "<group>";
		};
		492C90A22386ADC0004E6803 /* Products */ = {
			isa = PBXGroup;
			children = (
				492C90A12386ADC0004E6803 /* 測試你有多宅.app */,
			);
			name = Products;
			sourceTree = "<group>";
		};
		492C90A32386ADC0004E6803 /* Homework3 */ = {
			isa = PBXGroup;
			children = (
				492C90A42386ADC0004E6803 /* AppDelegate.swift */,
				492C90A62386ADC0004E6803 /* SceneDelegate.swift */,
				492C90AA2386ADC0004E6803 /* Main.storyboard */,
				492C90BA2386B52C004E6803 /* QAStruct.swift */,
				492C90B82386B1F4004E6803 /* QnAPsyViewController.swift */,
				492C90AD2386ADC1004E6803 /* Assets.xcassets */,
				492C90AF2386ADC1004E6803 /* LaunchScreen.storyboard */,
				492C90B22386ADC1004E6803 /* Info.plist */,
			);
			path = Homework3;
			sourceTree = "<group>";
		};
/* End PBXGroup section */

/* Begin PBXNativeTarget section */
		492C90A02386ADC0004E6803 /* Homework3 */ = {
			isa = PBXNativeTarget;
			buildConfigurationList = 492C90B52386ADC1004E6803 /* Build configuration list for PBXNativeTarget "Homework3" */;
			buildPhases = (
				492C909D2386ADC0004E6803 /* Sources */,
				492C909E2386ADC0004E6803 /* Frameworks */,
				492C909F2386ADC0004E6803 /* Resources */,
			);
			buildRules = (
			);
			dependencies = (
			);
			name = Homework3;
			productName = Homework3;
			productReference = 492C90A12386ADC0004E6803 /* 測試你有多宅.app */;
			productType = "com.apple.product-type.application";
		};
/* End PBXNativeTarget section */

/* Begin PBXProject section */
		492C90992386ADC0004E6803 /* Project object */ = {
			isa = PBXProject;
			attributes = {
				LastSwiftUpdateCheck = 1110;
				LastUpgradeCheck = 1110;
				ORGANIZATIONNAME = "Chi Hung Liu";
				TargetAttributes = {
					492C90A02386ADC0004E6803 = {
						CreatedOnToolsVersion = 11.1;
					};
				};
			};
			buildConfigurationList = 492C909C2386ADC0004E6803 /* Build configuration list for PBXProject "Homework3" */;
			compatibilityVersion = "Xcode 9.3";
			developmentRegion = en;
			hasScannedForEncodings = 0;
			knownRegions = (
				en,
				Base,
			);
			mainGroup = 492C90982386ADC0004E6803;
			productRefGroup = 492C90A22386ADC0004E6803 /* Products */;
			projectDirPath = "";
			projectRoot = "";
			targets = (
				492C90A02386ADC0004E6803 /* Homework3 */,
			);
		};
/* End PBXProject section */

/* Begin PBXResourcesBuildPhase section */
		492C909F2386ADC0004E6803 /* Resources */ = {
			isa = PBXResourcesBuildPhase;
			buildActionMask = 2147483647;
			files = (
				492C90B12386ADC1004E6803 /* LaunchScreen.storyboard in Resources */,
				492C90AE2386ADC1004E6803 /* Assets.xcassets in Resources */,
				492C90AC2386ADC0004E6803 /* Main.storyboard in Resources */,
			);
			runOnlyForDeploymentPostprocessing = 0;
		};
/* End PBXResourcesBuildPhase section */

/* Begin PBXSourcesBuildPhase section */
		492C909D2386ADC0004E6803 /* Sources */ = {
			isa = PBXSourcesBuildPhase;
			buildActionMask = 2147483647;
			files = (
				492C90BB2386B52C004E6803 /* QAStruct.swift in Sources */,
				492C90A52386ADC0004E6803 /* AppDelegate.swift in Sources */,
				492C90B92386B1F4004E6803 /* QnAPsyViewController.swift in Sources */,
				492C90A72386ADC0004E6803 /* SceneDelegate.swift in Sources */,
			);
			runOnlyForDeploymentPostprocessing = 0;
		};
/* End PBXSourcesBuildPhase section */

/* Begin PBXVariantGroup section */
		492C90AA2386ADC0004E6803 /* Main.storyboard */ = {
			isa = PBXVariantGroup;
			children = (
				492C90AB2386ADC0004E6803 /* Base */,
			);
			name = Main.storyboard;
			sourceTree = "<group>";
		};
		492C90AF2386ADC1004E6803 /* LaunchScreen.storyboard */ = {
			isa = PBXVariantGroup;
			children = (
				492C90B02386ADC1004E6803 /* Base */,
			);
			name = LaunchScreen.storyboard;
			sourceTree = "<group>";
		};
/* End PBXVariantGroup section */

/* Begin XCBuildConfiguration section */
		492C90B32386ADC1004E6803 /* Debug */ = {
			isa = XCBuildConfiguration;
			buildSettings = {
				ALWAYS_SEARCH_USER_PATHS = NO;
				CLANG_ANALYZER_NONNULL = YES;
				CLANG_ANALYZER_NUMBER_OBJECT_CONVERSION = YES_AGGRESSIVE;
				CLANG_CXX_LANGUAGE_STANDARD = "gnu++14";
				CLANG_CXX_LIBRARY = "libc++";
				CLANG_ENABLE_MODULES = YES;
				CLANG_ENABLE_OBJC_ARC = YES;
				CLANG_ENABLE_OBJC_WEAK = YES;
				CLANG_WARN_BLOCK_CAPTURE_AUTORELEASING = YES;
				CLANG_WARN_BOOL_CONVERSION = YES;
				CLANG_WARN_COMMA = YES;
				CLANG_WARN_CONSTANT_CONVERSION = YES;
				CLANG_WARN_DEPRECATED_OBJC_IMPLEMENTATIONS = YES;
				CLANG_WARN_DIRECT_OBJC_ISA_USAGE = YES_ERROR;
				CLANG_WARN_DOCUMENTATION_COMMENTS = YES;
				CLANG_WARN_EMPTY_BODY = YES;
				CLANG_WARN_ENUM_CONVERSION = YES;
				CLANG_WARN_INFINITE_RECURSION = YES;
				CLANG_WARN_INT_CONVERSION = YES;
				CLANG_WARN_NON_LITERAL_NULL_CONVERSION = YES;
				CLANG_WARN_OBJC_IMPLICIT_RETAIN_SELF = YES;
				CLANG_WARN_OBJC_LITERAL_CONVERSION = YES;
				CLANG_WARN_OBJC_ROOT_CLASS = YES_ERROR;
				CLANG_WARN_RANGE_LOOP_ANALYSIS = YES;
				CLANG_WARN_STRICT_PROTOTYPES = YES;
				CLANG_WARN_SUSPICIOUS_MOVE = YES;
				CLANG_WARN_UNGUARDED_AVAILABILITY = YES_AGGRESSIVE;
				CLANG_WARN_UNREACHABLE_CODE = YES;
				CLANG_WARN__DUPLICATE_METHOD_MATCH = YES;
				COPY_PHASE_STRIP = NO;
				DEBUG_INFORMATION_FORMAT = dwarf;
				ENABLE_STRICT_OBJC_MSGSEND = YES;
				ENABLE_TESTABILITY = YES;
				GCC_C_LANGUAGE_STANDARD = gnu11;
				GCC_DYNAMIC_NO_PIC = NO;
				GCC_NO_COMMON_BLOCKS = YES;
				GCC_OPTIMIZATION_LEVEL = 0;
				GCC_PREPROCESSOR_DEFINITIONS = (
					"DEBUG=1",
					"$(inherited)",
				);
				GCC_WARN_64_TO_32_BIT_CONVERSION = YES;
				GCC_WARN_ABOUT_RETURN_TYPE = YES_ERROR;
				GCC_WARN_UNDECLARED_SELECTOR = YES;
				GCC_WARN_UNINITIALIZED_AUTOS = YES_AGGRESSIVE;
				GCC_WARN_UNUSED_FUNCTION = YES;
				GCC_WARN_UNUSED_VARIABLE = YES;
				IPHONEOS_DEPLOYMENT_TARGET = 13.1;
				MTL_ENABLE_DEBUG_INFO = INCLUDE_SOURCE;
				MTL_FAST_MATH = YES;
				ONLY_ACTIVE_ARCH = YES;
				SDKROOT = iphoneos;
				SWIFT_ACTIVE_COMPILATION_CONDITIONS = DEBUG;
				SWIFT_OPTIMIZATION_LEVEL = "-Onone";
			};
			name = Debug;
		};
		492C90B42386ADC1004E6803 /* Release */ = {
			isa = XCBuildConfiguration;
			buildSettings = {
				ALWAYS_SEARCH_USER_PATHS = NO;
				CLANG_ANALYZER_NONNULL = YES;
				CLANG_ANALYZER_NUMBER_OBJECT_CONVERSION = YES_AGGRESSIVE;
				CLANG_CXX_LANGUAGE_STANDARD = "gnu++14";
				CLANG_CXX_LIBRARY = "libc++";
				CLANG_ENABLE_MODULES = YES;
				CLANG_ENABLE_OBJC_ARC = YES;
				CLANG_ENABLE_OBJC_WEAK = YES;
				CLANG_WARN_BLOCK_CAPTURE_AUTORELEASING = YES;
				CLANG_WARN_BOOL_CONVERSION = YES;
				CLANG_WARN_COMMA = YES;
				CLANG_WARN_CONSTANT_CONVERSION = YES;
				CLANG_WARN_DEPRECATED_OBJC_IMPLEMENTATIONS = YES;
				CLANG_WARN_DIRECT_OBJC_ISA_USAGE = YES_ERROR;
				CLANG_WARN_DOCUMENTATION_COMMENTS = YES;
				CLANG_WARN_EMPTY_BODY = YES;
				CLANG_WARN_ENUM_CONVERSION = YES;
				CLANG_WARN_INFINITE_RECURSION = YES;
				CLANG_WARN_INT_CONVERSION = YES;
				CLANG_WARN_NON_LITERAL_NULL_CONVERSION = YES;
				CLANG_WARN_OBJC_IMPLICIT_RETAIN_SELF = YES;
				CLANG_WARN_OBJC_LITERAL_CONVERSION = YES;
				CLANG_WARN_OBJC_ROOT_CLASS = YES_ERROR;
				CLANG_WARN_RANGE_LOOP_ANALYSIS = YES;
				CLANG_WARN_STRICT_PROTOTYPES = YES;
				CLANG_WARN_SUSPICIOUS_MOVE = YES;
				CLANG_WARN_UNGUARDED_AVAILABILITY = YES_AGGRESSIVE;
				CLANG_WARN_UNREACHABLE_CODE = YES;
				CLANG_WARN__DUPLICATE_METHOD_MATCH = YES;
				COPY_PHASE_STRIP = NO;
				DEBUG_INFORMATION_FORMAT = "dwarf-with-dsym";
				ENABLE_NS_ASSERTIONS = NO;
				ENABLE_STRICT_OBJC_MSGSEND = YES;
				GCC_C_LANGUAGE_STANDARD = gnu11;
				GCC_NO_COMMON_BLOCKS = YES;
				GCC_WARN_64_TO_32_BIT_CONVERSION = YES;
				GCC_WARN_ABOUT_RETURN_TYPE = YES_ERROR;
				GCC_WARN_UNDECLARED_SELECTOR = YES;
				GCC_WARN_UNINITIALIZED_AUTOS = YES_AGGRESSIVE;
				GCC_WARN_UNUSED_FUNCTION = YES;
				GCC_WARN_UNUSED_VARIABLE = YES;
				IPHONEOS_DEPLOYMENT_TARGET = 13.1;
				MTL_ENABLE_DEBUG_INFO = NO;
				MTL_FAST_MATH = YES;
				SDKROOT = iphoneos;
				SWIFT_COMPILATION_MODE = wholemodule;
				SWIFT_OPTIMIZATION_LEVEL = "-O";
				VALIDATE_PRODUCT = YES;
			};
			name = Release;
		};
		492C90B62386ADC1004E6803 /* Debug */ = {
			isa = XCBuildConfiguration;
			buildSettings = {
				ASSETCATALOG_COMPILER_APPICON_NAME = AppIcon;
				CODE_SIGN_STYLE = Automatic;
				DEVELOPMENT_TEAM = 69F2LMJ5JX;
				INFOPLIST_FILE = Homework3/Info.plist;
				LD_RUNPATH_SEARCH_PATHS = (
					"$(inherited)",
					"@executable_path/Frameworks",
				);
				PRODUCT_BUNDLE_IDENTIFIER = com.EricLiu.example.Homework3;
				PRODUCT_NAME = "測試你有多宅";
				SWIFT_VERSION = 5.0;
				TARGETED_DEVICE_FAMILY = "1,2";
			};
			name = Debug;
		};
		492C90B72386ADC1004E6803 /* Release */ = {
			isa = XCBuildConfiguration;
			buildSettings = {
				ASSETCATALOG_COMPILER_APPICON_NAME = AppIcon;
				CODE_SIGN_STYLE = Automatic;
				DEVELOPMENT_TEAM = 69F2LMJ5JX;
				INFOPLIST_FILE = Homework3/Info.plist;
				LD_RUNPATH_SEARCH_PATHS = (
					"$(inherited)",
					"@executable_path/Frameworks",
				);
				PRODUCT_BUNDLE_IDENTIFIER = com.EricLiu.example.Homework3;
				PRODUCT_NAME = "測試你有多宅";
				SWIFT_VERSION = 5.0;
				TARGETED_DEVICE_FAMILY = "1,2";
			};
			name = Release;
		};
/* End XCBuildConfiguration section */

/* Begin XCConfigurationList section */
		492C909C2386ADC0004E6803 /* Build configuration list for PBXProject "Homework3" */ = {
			isa = XCConfigurationList;
			buildConfigurations = (
				492C90B32386ADC1004E6803 /* Debug */,
				492C90B42386ADC1004E6803 /* Release */,
			);
			defaultConfigurationIsVisible = 0;
			defaultConfigurationName = Release;
		};
		492C90B52386ADC1004E6803 /* Build configuration list for PBXNativeTarget "Homework3" */ = {
			isa = XCConfigurationList;
			buildConfigurations = (
				492C90B62386ADC1004E6803 /* Debug */,
				492C90B72386ADC1004E6803 /* Release */,
			);
			defaultConfigurationIsVisible = 0;
			defaultConfigurationName = Release;
		};
/* End XCConfigurationList section */
	};
	rootObject = 492C90992386ADC0004E6803 /* Project object */;
}
